// !$*UTF8*$!
{
	archiveVersion = 1;
	classes = {
	};
	objectVersion = 45;
	objects = {

/* Begin PBXBuildFile section */
		7417BB861F213483008E98BB /* myImageOperation.swift in Sources */ = {isa = PBXBuildFile; fileRef = 7417BB851F213483008E98BB /* myImageOperation.swift */; };
		7423F49A1F0EB50C00BB7972 /* AppDelegate.swift in Sources */ = {isa = PBXBuildFile; fileRef = 7423F4991F0EB50C00BB7972 /* AppDelegate.swift */; };
		7423F4A11F0EB50C00BB7972 /* Main.storyboard in Resources */ = {isa = PBXBuildFile; fileRef = 7423F49F1F0EB50C00BB7972 /* Main.storyboard */; };
		7423F4A61F0EB50C00BB7972 /* LaunchScreen.storyboard in Resources */ = {isa = PBXBuildFile; fileRef = 7423F4A41F0EB50C00BB7972 /* LaunchScreen.storyboard */; };
		742429A41F267BD8009D08B0 /* myPendingOperations.swift in Sources */ = {isa = PBXBuildFile; fileRef = 742429A31F267BD8009D08B0 /* myPendingOperations.swift */; };
		742429A61F267C3D009D08B0 /* myPhotoRecord.swift in Sources */ = {isa = PBXBuildFile; fileRef = 742429A51F267C3D009D08B0 /* myPhotoRecord.swift */; };
		742429B81F28BD95009D08B0 /* myUnSplashViewController.swift in Sources */ = {isa = PBXBuildFile; fileRef = 742429B71F28BD95009D08B0 /* myUnSplashViewController.swift */; };
		742DFCD8217388E2007B28CA /* Assets.xcassets in Resources */ = {isa = PBXBuildFile; fileRef = 742DFCD7217388E2007B28CA /* Assets.xcassets */; };
		74467B10216E8FC200F0543B /* myTableViewCell.swift in Sources */ = {isa = PBXBuildFile; fileRef = 74467B0F216E8FC200F0543B /* myTableViewCell.swift */; };
/* End PBXBuildFile section */

/* Begin PBXFileReference section */
		7417BB851F213483008E98BB /* myImageOperation.swift */ = {isa = PBXFileReference; fileEncoding = 4; lastKnownFileType = sourcecode.swift; path = myImageOperation.swift; sourceTree = "<group>"; };
		7423F4961F0EB50C00BB7972 /* SeamlessUseOfOperationQueue.app */ = {isa = PBXFileReference; explicitFileType = wrapper.application; includeInIndex = 0; path = SeamlessUseOfOperationQueue.app; sourceTree = BUILT_PRODUCTS_DIR; };
		7423F4991F0EB50C00BB7972 /* AppDelegate.swift */ = {isa = PBXFileReference; lastKnownFileType = sourcecode.swift; path = AppDelegate.swift; sourceTree = "<group>"; };
		7423F4A01F0EB50C00BB7972 /* Base */ = {isa = PBXFileReference; lastKnownFileType = file.storyboard; name = Base; path = Base.lproj/Main.storyboard; sourceTree = "<group>"; };
		7423F4A51F0EB50C00BB7972 /* Base */ = {isa = PBXFileReference; lastKnownFileType = file.storyboard; name = Base; path = Base.lproj/LaunchScreen.storyboard; sourceTree = "<group>"; };
		7423F4A71F0EB50C00BB7972 /* Info.plist */ = {isa = PBXFileReference; lastKnownFileType = text.plist.xml; path = Info.plist; sourceTree = "<group>"; };
		742429A31F267BD8009D08B0 /* myPendingOperations.swift */ = {isa = PBXFileReference; fileEncoding = 4; lastKnownFileType = sourcecode.swift; path = myPendingOperations.swift; sourceTree = "<group>"; };
		742429A51F267C3D009D08B0 /* myPhotoRecord.swift */ = {isa = PBXFileReference; fileEncoding = 4; lastKnownFileType = sourcecode.swift; path = myPhotoRecord.swift; sourceTree = "<group>"; };
		742429B71F28BD95009D08B0 /* myUnSplashViewController.swift */ = {isa = PBXFileReference; fileEncoding = 4; lastKnownFileType = sourcecode.swift; path = myUnSplashViewController.swift; sourceTree = "<group>"; };
		742DFCD7217388E2007B28CA /* Assets.xcassets */ = {isa = PBXFileReference; lastKnownFileType = folder.assetcatalog; path = Assets.xcassets; sourceTree = "<group>"; };
		74467B0F216E8FC200F0543B /* myTableViewCell.swift */ = {isa = PBXFileReference; lastKnownFileType = sourcecode.swift; path = myTableViewCell.swift; sourceTree = "<group>"; };
/* End PBXFileReference section */

/* Begin PBXFrameworksBuildPhase section */
		7423F4931F0EB50C00BB7972 /* Frameworks */ = {
			isa = PBXFrameworksBuildPhase;
			buildActionMask = 2147483647;
			files = (
			);
			runOnlyForDeploymentPostprocessing = 0;
		};
/* End PBXFrameworksBuildPhase section */

/* Begin PBXGroup section */
		6022DD9478ACBE49B977149D /* Frameworks */ = {
			isa = PBXGroup;
			children = (
			);
			name = Frameworks;
			sourceTree = "<group>";
		};
		7423F48D1F0EB50C00BB7972 = {
			isa = PBXGroup;
			children = (
				7423F4981F0EB50C00BB7972 /* SeamlessUseOfOperationQueue */,
				7423F4971F0EB50C00BB7972 /* Products */,
				6022DD9478ACBE49B977149D /* Frameworks */,
			);
			sourceTree = "<group>";
		};
		7423F4971F0EB50C00BB7972 /* Products */ = {
			isa = PBXGroup;
			children = (
				7423F4961F0EB50C00BB7972 /* SeamlessUseOfOperationQueue.app */,
			);
			name = Products;
			sourceTree = "<group>";
		};
		7423F4981F0EB50C00BB7972 /* SeamlessUseOfOperationQueue */ = {
			isa = PBXGroup;
			children = (
				7423F4991F0EB50C00BB7972 /* AppDelegate.swift */,
				7417BB851F213483008E98BB /* myImageOperation.swift */,
				742429A51F267C3D009D08B0 /* myPhotoRecord.swift */,
				742429B71F28BD95009D08B0 /* myUnSplashViewController.swift */,
				742429A31F267BD8009D08B0 /* myPendingOperations.swift */,
				7423F49F1F0EB50C00BB7972 /* Main.storyboard */,
				74467B0F216E8FC200F0543B /* myTableViewCell.swift */,
				7423F4A41F0EB50C00BB7972 /* LaunchScreen.storyboard */,
				742DFCD7217388E2007B28CA /* Assets.xcassets */,
				7423F4A71F0EB50C00BB7972 /* Info.plist */,
				7423F4BB1F0EBED300BB7972 /* Frameworks */,
			);
			path = SeamlessUseOfOperationQueue;
			sourceTree = "<group>";
		};
		7423F4BB1F0EBED300BB7972 /* Frameworks */ = {
			isa = PBXGroup;
			children = (
			);
			name = Frameworks;
			sourceTree = "<group>";
		};
/* End PBXGroup section */

/* Begin PBXNativeTarget section */
		7423F4951F0EB50C00BB7972 /* SeamlessUseOfOperationQueue */ = {
			isa = PBXNativeTarget;
			buildConfigurationList = 7423F4AA1F0EB50C00BB7972 /* Build configuration list for PBXNativeTarget "SeamlessUseOfOperationQueue" */;
			buildPhases = (
				7423F4921F0EB50C00BB7972 /* Sources */,
				7423F4931F0EB50C00BB7972 /* Frameworks */,
				7423F4941F0EB50C00BB7972 /* Resources */,
				74372042217520DF002B6685 /* ShellScript */,
			);
			buildRules = (
			);
			dependencies = (
			);
			name = SeamlessUseOfOperationQueue;
			productName = ReactiveJSONAsgn;
			productReference = 7423F4961F0EB50C00BB7972 /* SeamlessUseOfOperationQueue.app */;
			productType = "com.apple.product-type.application";
		};
/* End PBXNativeTarget section */

/* Begin PBXProject section */
		7423F48E1F0EB50C00BB7972 /* Project object */ = {
			isa = PBXProject;
			attributes = {
				LastSwiftUpdateCheck = 0830;
				LastUpgradeCheck = 1000;
				ORGANIZATIONNAME = MZ;
				TargetAttributes = {
					7423F4951F0EB50C00BB7972 = {
						CreatedOnToolsVersion = 8.3.3;
						DevelopmentTeam = G2S724D2ZT;
						ProvisioningStyle = Automatic;
						SystemCapabilities = {
							com.apple.BackgroundModes = {
								enabled = 0;
							};
						};
					};
				};
			};
			buildConfigurationList = 7423F4911F0EB50C00BB7972 /* Build configuration list for PBXProject "SeamlessUseOfOperationQueue" */;
			compatibilityVersion = "Xcode 3.1";
			developmentRegion = English;
			hasScannedForEncodings = 0;
			knownRegions = (
				en,
				Base,
			);
			mainGroup = 7423F48D1F0EB50C00BB7972;
			productRefGroup = 7423F4971F0EB50C00BB7972 /* Products */;
			projectDirPath = "";
			projectRoot = "";
			targets = (
				7423F4951F0EB50C00BB7972 /* SeamlessUseOfOperationQueue */,
			);
		};
/* End PBXProject section */

/* Begin PBXResourcesBuildPhase section */
		7423F4941F0EB50C00BB7972 /* Resources */ = {
			isa = PBXResourcesBuildPhase;
			buildActionMask = 2147483647;
			files = (
				7423F4A61F0EB50C00BB7972 /* LaunchScreen.storyboard in Resources */,
				742DFCD8217388E2007B28CA /* Assets.xcassets in Resources */,
				7423F4A11F0EB50C00BB7972 /* Main.storyboard in Resources */,
			);
			runOnlyForDeploymentPostprocessing = 0;
		};
/* End PBXResourcesBuildPhase section */

/* Begin PBXShellScriptBuildPhase section */
		74372042217520DF002B6685 /* ShellScript */ = {
			isa = PBXShellScriptBuildPhase;
			buildActionMask = 2147483647;
			files = (
			);
			inputFileListPaths = (
			);
			inputPaths = (
				"$(SRCROOT)/Carthage/Build/iOS/Alamofire.framework",
				"$(SRCROOT)/Carthage/Build/iOS/SwiftyJSON.framework",
			);
			outputFileListPaths = (
			);
			outputPaths = (
				"$(BUILT_PRODUCTS_DIR)/$(FRAMEWORKS_FOLDER_PATH)/Alamofire.framework",
				"$(BUILT_PRODUCTS_DIR)/$(FRAMEWORKS_FOLDER_PATH)/SwiftyJSON.framework",
			);
			runOnlyForDeploymentPostprocessing = 0;
			shellPath = /bin/sh;
			shellScript = "# Type a script or drag a script file from your workspace to insert its path.\n/usr/local/bin/carthage copy-frameworks\n";
		};
/* End PBXShellScriptBuildPhase section */

/* Begin PBXSourcesBuildPhase section */
		7423F4921F0EB50C00BB7972 /* Sources */ = {
			isa = PBXSourcesBuildPhase;
			buildActionMask = 2147483647;
			files = (
				74467B10216E8FC200F0543B /* myTableViewCell.swift in Sources */,
				742429A41F267BD8009D08B0 /* myPendingOperations.swift in Sources */,
				7423F49A1F0EB50C00BB7972 /* AppDelegate.swift in Sources */,
				7417BB861F213483008E98BB /* myImageOperation.swift in Sources */,
				742429A61F267C3D009D08B0 /* myPhotoRecord.swift in Sources */,
				742429B81F28BD95009D08B0 /* myUnSplashViewController.swift in Sources */,
			);
			runOnlyForDeploymentPostprocessing = 0;
		};
/* End PBXSourcesBuildPhase section */

/* Begin PBXVariantGroup section */
		7423F49F1F0EB50C00BB7972 /* Main.storyboard */ = {
			isa = PBXVariantGroup;
			children = (
				7423F4A01F0EB50C00BB7972 /* Base */,
			);
			name = Main.storyboard;
			sourceTree = "<group>";
		};
		7423F4A41F0EB50C00BB7972 /* LaunchScreen.storyboard */ = {
			isa = PBXVariantGroup;
			children = (
				7423F4A51F0EB50C00BB7972 /* Base */,
			);
			name = LaunchScreen.storyboard;
			sourceTree = "<group>";
		};
/* End PBXVariantGroup section */

/* Begin XCBuildConfiguration section */
		7423F4A81F0EB50C00BB7972 /* Debug */ = {
			isa = XCBuildConfiguration;
			buildSettings = {
				ALWAYS_SEARCH_USER_PATHS = NO;
				CLANG_ANALYZER_NONNULL = YES;
				CLANG_ANALYZER_NUMBER_OBJECT_CONVERSION = YES_AGGRESSIVE;
				CLANG_CXX_LANGUAGE_STANDARD = "gnu++0x";
				CLANG_CXX_LIBRARY = "libc++";
				CLANG_ENABLE_MODULES = YES;
				CLANG_ENABLE_OBJC_ARC = YES;
				CLANG_WARN_BLOCK_CAPTURE_AUTORELEASING = YES;
				CLANG_WARN_BOOL_CONVERSION = YES;
				CLANG_WARN_COMMA = YES;
				CLANG_WARN_CONSTANT_CONVERSION = YES;
				CLANG_WARN_DEPRECATED_OBJC_IMPLEMENTATIONS = YES;
				CLANG_WARN_DIRECT_OBJC_ISA_USAGE = YES_ERROR;
				CLANG_WARN_DOCUMENTATION_COMMENTS = YES;
				CLANG_WARN_EMPTY_BODY = YES;
				CLANG_WARN_ENUM_CONVERSION = YES;
				CLANG_WARN_INFINITE_RECURSION = YES;
				CLANG_WARN_INT_CONVERSION = YES;
				CLANG_WARN_NON_LITERAL_NULL_CONVERSION = YES;
				CLANG_WARN_OBJC_IMPLICIT_RETAIN_SELF = YES;
				CLANG_WARN_OBJC_LITERAL_CONVERSION = YES;
				CLANG_WARN_OBJC_ROOT_CLASS = YES_ERROR;
				CLANG_WARN_RANGE_LOOP_ANALYSIS = YES;
				CLANG_WARN_STRICT_PROTOTYPES = YES;
				CLANG_WARN_SUSPICIOUS_MOVE = YES;
				CLANG_WARN_UNREACHABLE_CODE = YES;
				CLANG_WARN__DUPLICATE_METHOD_MATCH = YES;
				"CODE_SIGN_IDENTITY[sdk=iphoneos*]" = "iPhone Developer";
				COPY_PHASE_STRIP = NO;
				DEBUG_INFORMATION_FORMAT = dwarf;
				ENABLE_STRICT_OBJC_MSGSEND = YES;
				ENABLE_TESTABILITY = YES;
				GCC_C_LANGUAGE_STANDARD = gnu99;
				GCC_DYNAMIC_NO_PIC = NO;
				GCC_NO_COMMON_BLOCKS = YES;
				GCC_OPTIMIZATION_LEVEL = 0;
				GCC_PREPROCESSOR_DEFINITIONS = (
					"DEBUG=1",
					"$(inherited)",
				);
				GCC_WARN_64_TO_32_BIT_CONVERSION = YES;
				GCC_WARN_ABOUT_RETURN_TYPE = YES_ERROR;
				GCC_WARN_UNDECLARED_SELECTOR = YES;
				GCC_WARN_UNINITIALIZED_AUTOS = YES_AGGRESSIVE;
				GCC_WARN_UNUSED_FUNCTION = YES;
				GCC_WARN_UNUSED_VARIABLE = YES;
				INFOPLIST_FILE = Info.plist;
				IPHONEOS_DEPLOYMENT_TARGET = 10.3;
				MTL_ENABLE_DEBUG_INFO = YES;
				ONLY_ACTIVE_ARCH = YES;
				PRODUCT_NAME = SPLASH;
				SDKROOT = iphoneos;
				SWIFT_ACTIVE_COMPILATION_CONDITIONS = DEBUG;
				SWIFT_OPTIMIZATION_LEVEL = "-Onone";
				TARGETED_DEVICE_FAMILY = "1,2";
			};
			name = Debug;
		};
		7423F4A91F0EB50C00BB7972 /* Release */ = {
			isa = XCBuildConfiguration;
			buildSettings = {
				ALWAYS_SEARCH_USER_PATHS = NO;
				CLANG_ANALYZER_NONNULL = YES;
				CLANG_ANALYZER_NUMBER_OBJECT_CONVERSION = YES_AGGRESSIVE;
				CLANG_CXX_LANGUAGE_STANDARD = "gnu++0x";
				CLANG_CXX_LIBRARY = "libc++";
				CLANG_ENABLE_MODULES = YES;
				CLANG_ENABLE_OBJC_ARC = YES;
				CLANG_WARN_BLOCK_CAPTURE_AUTORELEASING = YES;
				CLANG_WARN_BOOL_CONVERSION = YES;
				CLANG_WARN_COMMA = YES;
				CLANG_WARN_CONSTANT_CONVERSION = YES;
				CLANG_WARN_DEPRECATED_OBJC_IMPLEMENTATIONS = YES;
				CLANG_WARN_DIRECT_OBJC_ISA_USAGE = YES_ERROR;
				CLANG_WARN_DOCUMENTATION_COMMENTS = YES;
				CLANG_WARN_EMPTY_BODY = YES;
				CLANG_WARN_ENUM_CONVERSION = YES;
				CLANG_WARN_INFINITE_RECURSION = YES;
				CLANG_WARN_INT_CONVERSION = YES;
				CLANG_WARN_NON_LITERAL_NULL_CONVERSION = YES;
				CLANG_WARN_OBJC_IMPLICIT_RETAIN_SELF = YES;
				CLANG_WARN_OBJC_LITERAL_CONVERSION = YES;
				CLANG_WARN_OBJC_ROOT_CLASS = YES_ERROR;
				CLANG_WARN_RANGE_LOOP_ANALYSIS = YES;
				CLANG_WARN_STRICT_PROTOTYPES = YES;
				CLANG_WARN_SUSPICIOUS_MOVE = YES;
				CLANG_WARN_UNREACHABLE_CODE = YES;
				CLANG_WARN__DUPLICATE_METHOD_MATCH = YES;
				"CODE_SIGN_IDENTITY[sdk=iphoneos*]" = "iPhone Developer";
				COPY_PHASE_STRIP = NO;
				DEBUG_INFORMATION_FORMAT = "dwarf-with-dsym";
				ENABLE_NS_ASSERTIONS = NO;
				ENABLE_STRICT_OBJC_MSGSEND = YES;
				GCC_C_LANGUAGE_STANDARD = gnu99;
				GCC_NO_COMMON_BLOCKS = YES;
				GCC_WARN_64_TO_32_BIT_CONVERSION = YES;
				GCC_WARN_ABOUT_RETURN_TYPE = YES_ERROR;
				GCC_WARN_UNDECLARED_SELECTOR = YES;
				GCC_WARN_UNINITIALIZED_AUTOS = YES_AGGRESSIVE;
				GCC_WARN_UNUSED_FUNCTION = YES;
				GCC_WARN_UNUSED_VARIABLE = YES;
				INFOPLIST_FILE = Info.plist;
				IPHONEOS_DEPLOYMENT_TARGET = 10.3;
				MTL_ENABLE_DEBUG_INFO = NO;
				PRODUCT_NAME = SPLASH;
				SDKROOT = iphoneos;
				SWIFT_OPTIMIZATION_LEVEL = "-Owholemodule";
				TARGETED_DEVICE_FAMILY = "1,2";
				VALIDATE_PRODUCT = YES;
			};
			name = Release;
		};
		7423F4AB1F0EB50C00BB7972 /* Debug */ = {
			isa = XCBuildConfiguration;
			buildSettings = {
				ASSETCATALOG_COMPILER_APPICON_NAME = AppIcon;
				CLANG_USE_OPTIMIZATION_PROFILE = YES;
				DEVELOPMENT_TEAM = G2S724D2ZT;
				FRAMEWORK_SEARCH_PATHS = (
					"$(inherited)",
					"$(PROJECT_DIR)/Carthage/Build/iOS",
					"$(PROJECT_DIR)",
				);
				INFOPLIST_FILE = SeamlessUseOfOperationQueue/Info.plist;
				IPHONEOS_DEPLOYMENT_TARGET = 12.0;
				LD_RUNPATH_SEARCH_PATHS = "$(inherited) @executable_path/Frameworks";
				PRODUCT_BUNDLE_IDENTIFIER = SeamlessUseOfOperationQueue;
				PRODUCT_NAME = "$(TARGET_NAME)";
				SWIFT_VERSION = 4.2;
			};
			name = Debug;
		};
		7423F4AC1F0EB50C00BB7972 /* Release */ = {
			isa = XCBuildConfiguration;
			buildSettings = {
				ASSETCATALOG_COMPILER_APPICON_NAME = AppIcon;
				CLANG_USE_OPTIMIZATION_PROFILE = YES;
				DEVELOPMENT_TEAM = G2S724D2ZT;
				FRAMEWORK_SEARCH_PATHS = (
					"$(inherited)",
					"$(PROJECT_DIR)/Carthage/Build/iOS",
					"$(PROJECT_DIR)",
				);
				INFOPLIST_FILE = SeamlessUseOfOperationQueue/Info.plist;
				IPHONEOS_DEPLOYMENT_TARGET = 12.0;
				LD_RUNPATH_SEARCH_PATHS = "$(inherited) @executable_path/Frameworks";
				PRODUCT_BUNDLE_IDENTIFIER = SeamlessUseOfOperationQueue;
				PRODUCT_NAME = "$(TARGET_NAME)";
				SWIFT_VERSION = 4.2;
			};
			name = Release;
		};
/* End XCBuildConfiguration section */

/* Begin XCConfigurationList section */
		7423F4911F0EB50C00BB7972 /* Build configuration list for PBXProject "SeamlessUseOfOperationQueue" */ = {
			isa = XCConfigurationList;
			buildConfigurations = (
				7423F4A81F0EB50C00BB7972 /* Debug */,
				7423F4A91F0EB50C00BB7972 /* Release */,
			);
			defaultConfigurationIsVisible = 0;
			defaultConfigurationName = Release;
		};
		7423F4AA1F0EB50C00BB7972 /* Build configuration list for PBXNativeTarget "SeamlessUseOfOperationQueue" */ = {
			isa = XCConfigurationList;
			buildConfigurations = (
				7423F4AB1F0EB50C00BB7972 /* Debug */,
				7423F4AC1F0EB50C00BB7972 /* Release */,
			);
			defaultConfigurationIsVisible = 0;
			defaultConfigurationName = Release;
		};
/* End XCConfigurationList section */
	};
	rootObject = 7423F48E1F0EB50C00BB7972 /* Project object */;
}
